
Microsoft Visual Studio Solution File, Format Version 12.00
# Visual Studio Version 17
VisualStudioVersion = 17.8.34511.84
MinimumVisualStudioVersion = 10.0.40219.1
Project("{9A19103F-16F7-4668-BE54-9A1E7A4F7556}") = "Movies.API", "Movies.API\Movies.API.csproj", "{6891A604-3393-4C59-BCA3-95DEE72AF2E2}"
EndProject
Project("{9A19103F-16F7-4668-BE54-9A1E7A4F7556}") = "IdentityServer", "IdentityServer\IdentityServer.csproj", "{47273F0F-233F-4332-A8B3-E2FE328D69F1}"
EndProject
Project("{FAE04EC0-301F-11D3-BF4B-00C04F79EFBC}") = "Movie.Client", "Movie.Client\Movie.Client.csproj", "{E06B9DFC-E744-4FC4-B284-6AD85F215B19}"
EndProject
Project("{FAE04EC0-301F-11D3-BF4B-00C04F79EFBC}") = "ApiGeteway", "ApiGeteway\ApiGeteway.csproj", "{51EB336D-60F7-49FB-BC63-C13E533E5E6C}"
EndProject
Global
	GlobalSection(SolutionConfigurationPlatforms) = preSolution
		Debug|Any CPU = Debug|Any CPU
		Release|Any CPU = Release|Any CPU
	EndGlobalSection
	GlobalSection(ProjectConfigurationPlatforms) = postSolution
		{6891A604-3393-4C59-BCA3-95DEE72AF2E2}.Debug|Any CPU.ActiveCfg = Debug|Any CPU
		{6891A604-3393-4C59-BCA3-95DEE72AF2E2}.Debug|Any CPU.Build.0 = Debug|Any CPU
		{6891A604-3393-4C59-BCA3-95DEE72AF2E2}.Release|Any CPU.ActiveCfg = Release|Any CPU
		{6891A604-3393-4C59-BCA3-95DEE72AF2E2}.Release|Any CPU.Build.0 = Release|Any CPU
		{47273F0F-233F-4332-A8B3-E2FE328D69F1}.Debug|Any CPU.ActiveCfg = Debug|Any CPU
		{47273F0F-233F-4332-A8B3-E2FE328D69F1}.Debug|Any CPU.Build.0 = Debug|Any CPU
		{47273F0F-233F-4332-A8B3-E2FE328D69F1}.Release|Any CPU.ActiveCfg = Release|Any CPU
		{47273F0F-233F-4332-A8B3-E2FE328D69F1}.Release|Any CPU.Build.0 = Release|Any CPU
		{E06B9DFC-E744-4FC4-B284-6AD85F215B19}.Debug|Any CPU.ActiveCfg = Debug|Any CPU
		{E06B9DFC-E744-4FC4-B284-6AD85F215B19}.Debug|Any CPU.Build.0 = Debug|Any CPU
		{E06B9DFC-E744-4FC4-B284-6AD85F215B19}.Release|Any CPU.ActiveCfg = Release|Any CPU
		{E06B9DFC-E744-4FC4-B284-6AD85F215B19}.Release|Any CPU.Build.0 = Release|Any CPU
		{51EB336D-60F7-49FB-BC63-C13E533E5E6C}.Debug|Any CPU.ActiveCfg = Debug|Any CPU
		{51EB336D-60F7-49FB-BC63-C13E533E5E6C}.Debug|Any CPU.Build.0 = Debug|Any CPU
		{51EB336D-60F7-49FB-BC63-C13E533E5E6C}.Release|Any CPU.ActiveCfg = Release|Any CPU
		{51EB336D-60F7-49FB-BC63-C13E533E5E6C}.Release|Any CPU.Build.0 = Release|Any CPU
	EndGlobalSection
	GlobalSection(SolutionProperties) = preSolution
		HideSolutionNode = FALSE
	EndGlobalSection
	GlobalSection(ExtensibilityGlobals) = postSolution
		SolutionGuid = {13EBE306-DB60-4D77-9524-626D86B2B628}
	EndGlobalSection
EndGlobal
